
Microsoft Visual Studio Solution File, Format Version 12.00
# Visual Studio Version 17
VisualStudioVersion = 17.11.35303.130
MinimumVisualStudioVersion = 10.0.40219.1
Project("{2150E333-8FDC-42A3-9474-1A3956D46DE8}") = "Task0", "Task0", "{8C29A53D-FD7B-457E-8196-C74C0F1552C4}"
EndProject
Project("{FAE04EC0-301F-11D3-BF4B-00C04F79EFBC}") = "Tyuiu.DemchenkoAD.Sprint0.Task0.V0", "Tyuiu.DemchenkoAD.Sprint0.Task0.V0\Tyuiu.DemchenkoAD.Sprint0.Task0.V0.csproj", "{C84C2455-F289-497A-BA54-5938998C2BCF}"
EndProject
Project("{2150E333-8FDC-42A3-9474-1A3956D46DE8}") = "Task1", "Task1", "{84177467-E382-4030-951F-4AA493FBED8D}"
EndProject
Project("{FAE04EC0-301F-11D3-BF4B-00C04F79EFBC}") = "Tyuiu.DemchenkoAD.Sprint0.Task1.V0", "Tyuiu.DemchenkoAD.Sprint0.Task1.V0\Tyuiu.DemchenkoAD.Sprint0.Task1.V0.csproj", "{67BEF849-E2CE-46E3-925F-486DC7B7ECDA}"
EndProject
Project("{2150E333-8FDC-42A3-9474-1A3956D46DE8}") = "Task2", "Task2", "{F3C9842A-F443-4B09-8792-7C0E610B3D21}"
EndProject
Project("{FAE04EC0-301F-11D3-BF4B-00C04F79EFBC}") = "Tyuiu.DemchenkoAD.Sprint0.Task2.V0", "Tyuiu.DemchenkoAD.Sprint0.Task2.V0\Tyuiu.DemchenkoAD.Sprint0.Task2.V0.csproj", "{E98CB8DB-B785-4558-9FE5-2BD9BF6F1E7B}"
EndProject
Project("{FAE04EC0-301F-11D3-BF4B-00C04F79EFBC}") = "Tyuiu.DemchenkoAD.Sprint0.Task2.V0.Lib", "Tyuiu.DemchenkoAD.Sprint0.Task2.V0.Lib\Tyuiu.DemchenkoAD.Sprint0.Task2.V0.Lib.csproj", "{F319F970-274F-4D03-9543-8326D84E2DA5}"
EndProject
Project("{FAE04EC0-301F-11D3-BF4B-00C04F79EFBC}") = "Tyuiu.DemchenkoAD.Sprint0.Task2.V0.Test", "Tyuiu.DemchenkoAD.Sprint0.Task2.V0.Test\Tyuiu.DemchenkoAD.Sprint0.Task2.V0.Test.csproj", "{CC27F885-D291-4176-B9FD-A6138E397A58}"
EndProject
Project("{2150E333-8FDC-42A3-9474-1A3956D46DE8}") = "Task3", "Task3", "{9078EE14-293A-425D-88C1-D3558FA5EF32}"
EndProject
Project("{FAE04EC0-301F-11D3-BF4B-00C04F79EFBC}") = "Tyuiu.DemchenkoAD.Sprint0.Task3.V0", "Tyuiu.DemchenkoAD.Sprint0.Task3.V0\Tyuiu.DemchenkoAD.Sprint0.Task3.V0.csproj", "{20CF8971-CF16-47B8-B6AD-E38BA381D1CD}"
EndProject
Project("{FAE04EC0-301F-11D3-BF4B-00C04F79EFBC}") = "Tyuiu.DemchenkoAD.Sprint0.Task3.V0.Lib", "Tyuiu.DemchenkoAD.Sprint0.Task3.V0.Lib\Tyuiu.DemchenkoAD.Sprint0.Task3.V0.Lib.csproj", "{ABEEA991-911C-41BD-8FF4-49F9AE05EB0C}"
EndProject
Project("{FAE04EC0-301F-11D3-BF4B-00C04F79EFBC}") = "Tyuiu.DemchenkoAD.Sprint0.Task3.V0.Test", "Tyuiu.DemchenkoAD.Sprint0.Task3.V0.Test\Tyuiu.DemchenkoAD.Sprint0.Task3.V0.Test.csproj", "{DAAEE242-FD5B-4AFD-8D06-C7A18A750402}"
EndProject
Global
	GlobalSection(SolutionConfigurationPlatforms) = preSolution
		Debug|Any CPU = Debug|Any CPU
		Release|Any CPU = Release|Any CPU
	EndGlobalSection
	GlobalSection(ProjectConfigurationPlatforms) = postSolution
		{C84C2455-F289-497A-BA54-5938998C2BCF}.Debug|Any CPU.ActiveCfg = Debug|Any CPU
		{C84C2455-F289-497A-BA54-5938998C2BCF}.Debug|Any CPU.Build.0 = Debug|Any CPU
		{C84C2455-F289-497A-BA54-5938998C2BCF}.Release|Any CPU.ActiveCfg = Release|Any CPU
		{C84C2455-F289-497A-BA54-5938998C2BCF}.Release|Any CPU.Build.0 = Release|Any CPU
		{67BEF849-E2CE-46E3-925F-486DC7B7ECDA}.Debug|Any CPU.ActiveCfg = Debug|Any CPU
		{67BEF849-E2CE-46E3-925F-486DC7B7ECDA}.Debug|Any CPU.Build.0 = Debug|Any CPU
		{67BEF849-E2CE-46E3-925F-486DC7B7ECDA}.Release|Any CPU.ActiveCfg = Release|Any CPU
		{67BEF849-E2CE-46E3-925F-486DC7B7ECDA}.Release|Any CPU.Build.0 = Release|Any CPU
		{E98CB8DB-B785-4558-9FE5-2BD9BF6F1E7B}.Debug|Any CPU.ActiveCfg = Debug|Any CPU
		{E98CB8DB-B785-4558-9FE5-2BD9BF6F1E7B}.Debug|Any CPU.Build.0 = Debug|Any CPU
		{E98CB8DB-B785-4558-9FE5-2BD9BF6F1E7B}.Release|Any CPU.ActiveCfg = Release|Any CPU
		{E98CB8DB-B785-4558-9FE5-2BD9BF6F1E7B}.Release|Any CPU.Build.0 = Release|Any CPU
		{F319F970-274F-4D03-9543-8326D84E2DA5}.Debug|Any CPU.ActiveCfg = Debug|Any CPU
		{F319F970-274F-4D03-9543-8326D84E2DA5}.Debug|Any CPU.Build.0 = Debug|Any CPU
		{F319F970-274F-4D03-9543-8326D84E2DA5}.Release|Any CPU.ActiveCfg = Release|Any CPU
		{F319F970-274F-4D03-9543-8326D84E2DA5}.Release|Any CPU.Build.0 = Release|Any CPU
		{CC27F885-D291-4176-B9FD-A6138E397A58}.Debug|Any CPU.ActiveCfg = Debug|Any CPU
		{CC27F885-D291-4176-B9FD-A6138E397A58}.Debug|Any CPU.Build.0 = Debug|Any CPU
		{CC27F885-D291-4176-B9FD-A6138E397A58}.Release|Any CPU.ActiveCfg = Release|Any CPU
		{CC27F885-D291-4176-B9FD-A6138E397A58}.Release|Any CPU.Build.0 = Release|Any CPU
		{20CF8971-CF16-47B8-B6AD-E38BA381D1CD}.Debug|Any CPU.ActiveCfg = Debug|Any CPU
		{20CF8971-CF16-47B8-B6AD-E38BA381D1CD}.Debug|Any CPU.Build.0 = Debug|Any CPU
		{20CF8971-CF16-47B8-B6AD-E38BA381D1CD}.Release|Any CPU.ActiveCfg = Release|Any CPU
		{20CF8971-CF16-47B8-B6AD-E38BA381D1CD}.Release|Any CPU.Build.0 = Release|Any CPU
		{ABEEA991-911C-41BD-8FF4-49F9AE05EB0C}.Debug|Any CPU.ActiveCfg = Debug|Any CPU
		{ABEEA991-911C-41BD-8FF4-49F9AE05EB0C}.Debug|Any CPU.Build.0 = Debug|Any CPU
		{ABEEA991-911C-41BD-8FF4-49F9AE05EB0C}.Release|Any CPU.ActiveCfg = Release|Any CPU
		{ABEEA991-911C-41BD-8FF4-49F9AE05EB0C}.Release|Any CPU.Build.0 = Release|Any CPU
		{DAAEE242-FD5B-4AFD-8D06-C7A18A750402}.Debug|Any CPU.ActiveCfg = Debug|Any CPU
		{DAAEE242-FD5B-4AFD-8D06-C7A18A750402}.Debug|Any CPU.Build.0 = Debug|Any CPU
		{DAAEE242-FD5B-4AFD-8D06-C7A18A750402}.Release|Any CPU.ActiveCfg = Release|Any CPU
		{DAAEE242-FD5B-4AFD-8D06-C7A18A750402}.Release|Any CPU.Build.0 = Release|Any CPU
	EndGlobalSection
	GlobalSection(SolutionProperties) = preSolution
		HideSolutionNode = FALSE
	EndGlobalSection
	GlobalSection(NestedProjects) = preSolution
		{C84C2455-F289-497A-BA54-5938998C2BCF} = {8C29A53D-FD7B-457E-8196-C74C0F1552C4}
		{84177467-E382-4030-951F-4AA493FBED8D} = {8C29A53D-FD7B-457E-8196-C74C0F1552C4}
		{67BEF849-E2CE-46E3-925F-486DC7B7ECDA} = {84177467-E382-4030-951F-4AA493FBED8D}
		{E98CB8DB-B785-4558-9FE5-2BD9BF6F1E7B} = {F3C9842A-F443-4B09-8792-7C0E610B3D21}
		{F319F970-274F-4D03-9543-8326D84E2DA5} = {F3C9842A-F443-4B09-8792-7C0E610B3D21}
		{CC27F885-D291-4176-B9FD-A6138E397A58} = {F3C9842A-F443-4B09-8792-7C0E610B3D21}
		{20CF8971-CF16-47B8-B6AD-E38BA381D1CD} = {9078EE14-293A-425D-88C1-D3558FA5EF32}
		{ABEEA991-911C-41BD-8FF4-49F9AE05EB0C} = {9078EE14-293A-425D-88C1-D3558FA5EF32}
		{DAAEE242-FD5B-4AFD-8D06-C7A18A750402} = {9078EE14-293A-425D-88C1-D3558FA5EF32}
	EndGlobalSection
	GlobalSection(ExtensibilityGlobals) = postSolution
		SolutionGuid = {8E081723-AB13-49D6-89F5-792D74AA514F}
	EndGlobalSection
EndGlobal
